
Microsoft Visual Studio Solution File, Format Version 12.00
# Visual Studio 15
VisualStudioVersion = 15.0.27130.2010
MinimumVisualStudioVersion = 10.0.40219.1
Project("{FAE04EC0-301F-11D3-BF4B-00C04F79EFBC}") = "DataTableViewer", "DataTableViewer\DataTableViewer.csproj", "{14C953ED-775F-4CED-A610-DE6595C4DD56}"
EndProject
Project("{FAE04EC0-301F-11D3-BF4B-00C04F79EFBC}") = "DataTableViewer.Tests", "DataTableViewer.Tests\DataTableViewer.Tests.csproj", "{258046DD-5377-4B8F-A904-57E14C94D4DC}"
EndProject
Project("{FAE04EC0-301F-11D3-BF4B-00C04F79EFBC}") = "DataTableVisualizer", "DataTableVisualizer\DataTableVisualizer.csproj", "{BF8D20B8-81FD-4181-86A4-0909AE83FC4E}"
EndProject
Project("{FAE04EC0-301F-11D3-BF4B-00C04F79EFBC}") = "DataTableVisualizerExtension", "DataTableVisualizerExtension\DataTableVisualizerExtension.csproj", "{8260CA51-4374-4421-B822-8722BECF7FC0}"
EndProject
Project("{FAE04EC0-301F-11D3-BF4B-00C04F79EFBC}") = "DataTableTest", "DataTableTest\DataTableTest.csproj", "{2427A620-EE8B-4BA3-A82E-47AF01ADF7A3}"
EndProject
Project("{2150E333-8FDC-42A3-9474-1A3956D46DE8}") = "DataTableVisualizerInstaller", "DataTableVisualizerInstaller", "{14BD79F0-E95C-486E-9B1B-A63DB64095AA}"
	ProjectSection(SolutionItems) = preProject
		DataTableVisualizerInstaller\Installer.iss = DataTableVisualizerInstaller\Installer.iss
	EndProjectSection
EndProject
Project("{2150E333-8FDC-42A3-9474-1A3956D46DE8}") = "Scripts", "Scripts", "{725543B1-3720-4117-9E08-EB51233643D3}"
	ProjectSection(SolutionItems) = preProject
		DataTableVisualizerInstaller\Scripts\InstallDataTableVisualizer.ps1 = DataTableVisualizerInstaller\Scripts\InstallDataTableVisualizer.ps1
		DataTableVisualizerInstaller\Scripts\UninstallDataTableVisualizer.ps1 = DataTableVisualizerInstaller\Scripts\UninstallDataTableVisualizer.ps1
	EndProjectSection
EndProject
Project("{2150E333-8FDC-42A3-9474-1A3956D46DE8}") = "Solution Items", "Solution Items", "{0D558957-6F06-4DD2-9456-A834567DD8D3}"
	ProjectSection(SolutionItems) = preProject
		README.md = README.md
	EndProjectSection
EndProject
Global
	GlobalSection(SolutionConfigurationPlatforms) = preSolution
		Debug|Any CPU = Debug|Any CPU
		Release|Any CPU = Release|Any CPU
	EndGlobalSection
	GlobalSection(ProjectConfigurationPlatforms) = postSolution
		{14C953ED-775F-4CED-A610-DE6595C4DD56}.Debug|Any CPU.ActiveCfg = Debug|Any CPU
		{14C953ED-775F-4CED-A610-DE6595C4DD56}.Debug|Any CPU.Build.0 = Debug|Any CPU
		{14C953ED-775F-4CED-A610-DE6595C4DD56}.Release|Any CPU.ActiveCfg = Release|Any CPU
		{14C953ED-775F-4CED-A610-DE6595C4DD56}.Release|Any CPU.Build.0 = Release|Any CPU
		{258046DD-5377-4B8F-A904-57E14C94D4DC}.Debug|Any CPU.ActiveCfg = Debug|Any CPU
		{258046DD-5377-4B8F-A904-57E14C94D4DC}.Debug|Any CPU.Build.0 = Debug|Any CPU
		{258046DD-5377-4B8F-A904-57E14C94D4DC}.Release|Any CPU.ActiveCfg = Release|Any CPU
		{258046DD-5377-4B8F-A904-57E14C94D4DC}.Release|Any CPU.Build.0 = Release|Any CPU
		{BF8D20B8-81FD-4181-86A4-0909AE83FC4E}.Debug|Any CPU.ActiveCfg = Debug|Any CPU
		{BF8D20B8-81FD-4181-86A4-0909AE83FC4E}.Debug|Any CPU.Build.0 = Debug|Any CPU
		{BF8D20B8-81FD-4181-86A4-0909AE83FC4E}.Release|Any CPU.ActiveCfg = Release|Any CPU
		{BF8D20B8-81FD-4181-86A4-0909AE83FC4E}.Release|Any CPU.Build.0 = Release|Any CPU
		{8260CA51-4374-4421-B822-8722BECF7FC0}.Debug|Any CPU.ActiveCfg = Debug|Any CPU
		{8260CA51-4374-4421-B822-8722BECF7FC0}.Debug|Any CPU.Build.0 = Debug|Any CPU
		{8260CA51-4374-4421-B822-8722BECF7FC0}.Release|Any CPU.ActiveCfg = Release|Any CPU
		{8260CA51-4374-4421-B822-8722BECF7FC0}.Release|Any CPU.Build.0 = Release|Any CPU
		{2427A620-EE8B-4BA3-A82E-47AF01ADF7A3}.Debug|Any CPU.ActiveCfg = Debug|Any CPU
		{2427A620-EE8B-4BA3-A82E-47AF01ADF7A3}.Debug|Any CPU.Build.0 = Debug|Any CPU
		{2427A620-EE8B-4BA3-A82E-47AF01ADF7A3}.Release|Any CPU.ActiveCfg = Release|Any CPU
		{2427A620-EE8B-4BA3-A82E-47AF01ADF7A3}.Release|Any CPU.Build.0 = Release|Any CPU
	EndGlobalSection
	GlobalSection(SolutionProperties) = preSolution
		HideSolutionNode = FALSE
	EndGlobalSection
	GlobalSection(NestedProjects) = preSolution
		{725543B1-3720-4117-9E08-EB51233643D3} = {14BD79F0-E95C-486E-9B1B-A63DB64095AA}
	EndGlobalSection
	GlobalSection(ExtensibilityGlobals) = postSolution
		SolutionGuid = {8B17895F-2117-4644-A4FC-8AD71C9635CE}
	EndGlobalSection
EndGlobal
